// !$*UTF8*$!
{
	archiveVersion = 1;
	classes = {
	};
	objectVersion = 55;
	objects = {

/* Begin PBXBuildFile section */
		3C3A8A1127AFD347008CBA1B /* Profile.storyboard in Resources */ = {isa = PBXBuildFile; fileRef = 3C3A8A1027AFD347008CBA1B /* Profile.storyboard */; };
		3C3A8A1327AFD38D008CBA1B /* SecondViewController.swift in Sources */ = {isa = PBXBuildFile; fileRef = 3C3A8A1227AFD38D008CBA1B /* SecondViewController.swift */; };
		3C3A8A1527AFD3A1008CBA1B /* ThirdViewController.swift in Sources */ = {isa = PBXBuildFile; fileRef = 3C3A8A1427AFD3A1008CBA1B /* ThirdViewController.swift */; };
		3C54C71427AFD6A400147CC3 /* Main.storyboard in Resources */ = {isa = PBXBuildFile; fileRef = 3C54C71327AFD6A400147CC3 /* Main.storyboard */; };
		3C5F133227A991FA0054A785 /* AppDelegate.swift in Sources */ = {isa = PBXBuildFile; fileRef = 3C5F133127A991FA0054A785 /* AppDelegate.swift */; };
		3C5F133427A991FA0054A785 /* SceneDelegate.swift in Sources */ = {isa = PBXBuildFile; fileRef = 3C5F133327A991FA0054A785 /* SceneDelegate.swift */; };
		3C5F133627A991FA0054A785 /* ViewController.swift in Sources */ = {isa = PBXBuildFile; fileRef = 3C5F133527A991FA0054A785 /* ViewController.swift */; };
		3C5F133B27A991FB0054A785 /* Assets.xcassets in Resources */ = {isa = PBXBuildFile; fileRef = 3C5F133A27A991FB0054A785 /* Assets.xcassets */; };
		3C5F133E27A991FB0054A785 /* LaunchScreen.storyboard in Resources */ = {isa = PBXBuildFile; fileRef = 3C5F133C27A991FB0054A785 /* LaunchScreen.storyboard */; };
		3C5F135027A9A9850054A785 /* View.xib in Resources */ = {isa = PBXBuildFile; fileRef = 3C5F134F27A9A9850054A785 /* View.xib */; };
		3CE1B96A27AD1D1100C4F8B6 /* CustomView.swift in Sources */ = {isa = PBXBuildFile; fileRef = 3CE1B96927AD1D1100C4F8B6 /* CustomView.swift */; };
		3CE1B96C27AD1D2300C4F8B6 /* CustomView.xib in Resources */ = {isa = PBXBuildFile; fileRef = 3CE1B96B27AD1D2300C4F8B6 /* CustomView.xib */; };
/* End PBXBuildFile section */

/* Begin PBXFileReference section */
		3C3A8A1027AFD347008CBA1B /* Profile.storyboard */ = {isa = PBXFileReference; lastKnownFileType = file.storyboard; path = Profile.storyboard; sourceTree = "<group>"; };
		3C3A8A1227AFD38D008CBA1B /* SecondViewController.swift */ = {isa = PBXFileReference; lastKnownFileType = sourcecode.swift; path = SecondViewController.swift; sourceTree = "<group>"; };
		3C3A8A1427AFD3A1008CBA1B /* ThirdViewController.swift */ = {isa = PBXFileReference; lastKnownFileType = sourcecode.swift; path = ThirdViewController.swift; sourceTree = "<group>"; };
		3C54C71327AFD6A400147CC3 /* Main.storyboard */ = {isa = PBXFileReference; lastKnownFileType = file.storyboard; path = Main.storyboard; sourceTree = "<group>"; };
		3C5F132E27A991FA0054A785 /* UIkitExample.app */ = {isa = PBXFileReference; explicitFileType = wrapper.application; includeInIndex = 0; path = UIkitExample.app; sourceTree = BUILT_PRODUCTS_DIR; };
		3C5F133127A991FA0054A785 /* AppDelegate.swift */ = {isa = PBXFileReference; lastKnownFileType = sourcecode.swift; path = AppDelegate.swift; sourceTree = "<group>"; };
		3C5F133327A991FA0054A785 /* SceneDelegate.swift */ = {isa = PBXFileReference; lastKnownFileType = sourcecode.swift; path = SceneDelegate.swift; sourceTree = "<group>"; };
		3C5F133527A991FA0054A785 /* ViewController.swift */ = {isa = PBXFileReference; lastKnownFileType = sourcecode.swift; path = ViewController.swift; sourceTree = "<group>"; };
		3C5F133A27A991FB0054A785 /* Assets.xcassets */ = {isa = PBXFileReference; lastKnownFileType = folder.assetcatalog; path = Assets.xcassets; sourceTree = "<group>"; };
		3C5F133D27A991FB0054A785 /* Base */ = {isa = PBXFileReference; lastKnownFileType = file.storyboard; name = Base; path = Base.lproj/LaunchScreen.storyboard; sourceTree = "<group>"; };
		3C5F133F27A991FB0054A785 /* Info.plist */ = {isa = PBXFileReference; lastKnownFileType = text.plist.xml; path = Info.plist; sourceTree = "<group>"; };
		3C5F134F27A9A9850054A785 /* View.xib */ = {isa = PBXFileReference; lastKnownFileType = file.xib; path = View.xib; sourceTree = "<group>"; };
		3CE1B96927AD1D1100C4F8B6 /* CustomView.swift */ = {isa = PBXFileReference; lastKnownFileType = sourcecode.swift; path = CustomView.swift; sourceTree = "<group>"; };
		3CE1B96B27AD1D2300C4F8B6 /* CustomView.xib */ = {isa = PBXFileReference; lastKnownFileType = file.xib; path = CustomView.xib; sourceTree = "<group>"; };
/* End PBXFileReference section */

/* Begin PBXFrameworksBuildPhase section */
		3C5F132B27A991FA0054A785 /* Frameworks */ = {
			isa = PBXFrameworksBuildPhase;
			buildActionMask = 2147483647;
			files = (
			);
			runOnlyForDeploymentPostprocessing = 0;
		};
/* End PBXFrameworksBuildPhase section */

/* Begin PBXGroup section */
		3C0A43AA27AFD55100B186A7 /* AppDelegate */ = {
			isa = PBXGroup;
			children = (
				3C5F133127A991FA0054A785 /* AppDelegate.swift */,
				3C5F133327A991FA0054A785 /* SceneDelegate.swift */,
			);
			path = AppDelegate;
			sourceTree = "<group>";
		};
		3C0A43AB27AFD55800B186A7 /* Main */ = {
			isa = PBXGroup;
			children = (
				3C5F133527A991FA0054A785 /* ViewController.swift */,
				3C54C71327AFD6A400147CC3 /* Main.storyboard */,
			);
			path = Main;
			sourceTree = "<group>";
		};
		3C0A43AC27AFD56700B186A7 /* Profile */ = {
			isa = PBXGroup;
			children = (
				3C3A8A1227AFD38D008CBA1B /* SecondViewController.swift */,
				3C3A8A1427AFD3A1008CBA1B /* ThirdViewController.swift */,
				3C3A8A1027AFD347008CBA1B /* Profile.storyboard */,
				3CE1B96927AD1D1100C4F8B6 /* CustomView.swift */,
				3CE1B96B27AD1D2300C4F8B6 /* CustomView.xib */,
				3C5F134F27A9A9850054A785 /* View.xib */,
			);
			path = Profile;
			sourceTree = "<group>";
		};
		3C5F132527A991FA0054A785 = {
			isa = PBXGroup;
			children = (
				3C5F133027A991FA0054A785 /* UIkitExample */,
				3C5F132F27A991FA0054A785 /* Products */,
			);
			sourceTree = "<group>";
		};
		3C5F132F27A991FA0054A785 /* Products */ = {
			isa = PBXGroup;
			children = (
				3C5F132E27A991FA0054A785 /* UIkitExample.app */,
			);
			name = Products;
			sourceTree = "<group>";
		};
		3C5F133027A991FA0054A785 /* UIkitExample */ = {
			isa = PBXGroup;
			children = (
				3C0A43AA27AFD55100B186A7 /* AppDelegate */,
				3C0A43AB27AFD55800B186A7 /* Main */,
				3C0A43AC27AFD56700B186A7 /* Profile */,
				3C5F133A27A991FB0054A785 /* Assets.xcassets */,
				3C5F133C27A991FB0054A785 /* LaunchScreen.storyboard */,
				3C5F133F27A991FB0054A785 /* Info.plist */,
			);
			path = UIkitExample;
			sourceTree = "<group>";
		};
/* End PBXGroup section */

/* Begin PBXNativeTarget section */
		3C5F132D27A991FA0054A785 /* UIkitExample */ = {
			isa = PBXNativeTarget;
			buildConfigurationList = 3C5F134227A991FB0054A785 /* Build configuration list for PBXNativeTarget "UIkitExample" */;
			buildPhases = (
				3C5F132A27A991FA0054A785 /* Sources */,
				3C5F132B27A991FA0054A785 /* Frameworks */,
				3C5F132C27A991FA0054A785 /* Resources */,
			);
			buildRules = (
			);
			dependencies = (
			);
			name = UIkitExample;
			productName = UIkitExample;
			productReference = 3C5F132E27A991FA0054A785 /* UIkitExample.app */;
			productType = "com.apple.product-type.application";
		};
/* End PBXNativeTarget section */

/* Begin PBXProject section */
		3C5F132627A991FA0054A785 /* Project object */ = {
			isa = PBXProject;
			attributes = {
				BuildIndependentTargetsInParallel = 1;
				LastSwiftUpdateCheck = 1320;
				LastUpgradeCheck = 1320;
				TargetAttributes = {
					3C5F132D27A991FA0054A785 = {
						CreatedOnToolsVersion = 13.2;
					};
				};
			};
			buildConfigurationList = 3C5F132927A991FA0054A785 /* Build configuration list for PBXProject "UIkitExample" */;
			compatibilityVersion = "Xcode 13.0";
			developmentRegion = en;
			hasScannedForEncodings = 0;
			knownRegions = (
				en,
				Base,
			);
			mainGroup = 3C5F132527A991FA0054A785;
			productRefGroup = 3C5F132F27A991FA0054A785 /* Products */;
			projectDirPath = "";
			projectRoot = "";
			targets = (
				3C5F132D27A991FA0054A785 /* UIkitExample */,
			);
		};
/* End PBXProject section */

/* Begin PBXResourcesBuildPhase section */
		3C5F132C27A991FA0054A785 /* Resources */ = {
			isa = PBXResourcesBuildPhase;
			buildActionMask = 2147483647;
			files = (
				3C3A8A1127AFD347008CBA1B /* Profile.storyboard in Resources */,
				3C5F133E27A991FB0054A785 /* LaunchScreen.storyboard in Resources */,
				3CE1B96C27AD1D2300C4F8B6 /* CustomView.xib in Resources */,
				3C54C71427AFD6A400147CC3 /* Main.storyboard in Resources */,
				3C5F135027A9A9850054A785 /* View.xib in Resources */,
				3C5F133B27A991FB0054A785 /* Assets.xcassets in Resources */,
			);
			runOnlyForDeploymentPostprocessing = 0;
		};
/* End PBXResourcesBuildPhase section */

/* Begin PBXSourcesBuildPhase section */
		3C5F132A27A991FA0054A785 /* Sources */ = {
			isa = PBXSourcesBuildPhase;
			buildActionMask = 2147483647;
			files = (
				3CE1B96A27AD1D1100C4F8B6 /* CustomView.swift in Sources */,
				3C5F133627A991FA0054A785 /* ViewController.swift in Sources */,
				3C5F133227A991FA0054A785 /* AppDelegate.swift in Sources */,
				3C3A8A1327AFD38D008CBA1B /* SecondViewController.swift in Sources */,
				3C3A8A1527AFD3A1008CBA1B /* ThirdViewController.swift in Sources */,
				3C5F133427A991FA0054A785 /* SceneDelegate.swift in Sources */,
			);
			runOnlyForDeploymentPostprocessing = 0;
		};
/* End PBXSourcesBuildPhase section */

/* Begin PBXVariantGroup section */
		3C5F133C27A991FB0054A785 /* LaunchScreen.storyboard */ = {
			isa = PBXVariantGroup;
			children = (
				3C5F133D27A991FB0054A785 /* Base */,
			);
			name = LaunchScreen.storyboard;
			sourceTree = "<group>";
		};
/* End PBXVariantGroup section */

/* Begin XCBuildConfiguration section */
		3C5F134027A991FB0054A785 /* Debug */ = {
			isa = XCBuildConfiguration;
			buildSettings = {
				ALWAYS_SEARCH_USER_PATHS = NO;
				CLANG_ANALYZER_NONNULL = YES;
				CLANG_ANALYZER_NUMBER_OBJECT_CONVERSION = YES_AGGRESSIVE;
				CLANG_CXX_LANGUAGE_STANDARD = "gnu++17";
				CLANG_CXX_LIBRARY = "libc++";
				CLANG_ENABLE_MODULES = YES;
				CLANG_ENABLE_OBJC_ARC = YES;
				CLANG_ENABLE_OBJC_WEAK = YES;
				CLANG_WARN_BLOCK_CAPTURE_AUTORELEASING = YES;
				CLANG_WARN_BOOL_CONVERSION = YES;
				CLANG_WARN_COMMA = YES;
				CLANG_WARN_CONSTANT_CONVERSION = YES;
				CLANG_WARN_DEPRECATED_OBJC_IMPLEMENTATIONS = YES;
				CLANG_WARN_DIRECT_OBJC_ISA_USAGE = YES_ERROR;
				CLANG_WARN_DOCUMENTATION_COMMENTS = YES;
				CLANG_WARN_EMPTY_BODY = YES;
				CLANG_WARN_ENUM_CONVERSION = YES;
				CLANG_WARN_INFINITE_RECURSION = YES;
				CLANG_WARN_INT_CONVERSION = YES;
				CLANG_WARN_NON_LITERAL_NULL_CONVERSION = YES;
				CLANG_WARN_OBJC_IMPLICIT_RETAIN_SELF = YES;
				CLANG_WARN_OBJC_LITERAL_CONVERSION = YES;
				CLANG_WARN_OBJC_ROOT_CLASS = YES_ERROR;
				CLANG_WARN_QUOTED_INCLUDE_IN_FRAMEWORK_HEADER = YES;
				CLANG_WARN_RANGE_LOOP_ANALYSIS = YES;
				CLANG_WARN_STRICT_PROTOTYPES = YES;
				CLANG_WARN_SUSPICIOUS_MOVE = YES;
				CLANG_WARN_UNGUARDED_AVAILABILITY = YES_AGGRESSIVE;
				CLANG_WARN_UNREACHABLE_CODE = YES;
				CLANG_WARN__DUPLICATE_METHOD_MATCH = YES;
				COPY_PHASE_STRIP = NO;
				DEBUG_INFORMATION_FORMAT = dwarf;
				ENABLE_STRICT_OBJC_MSGSEND = YES;
				ENABLE_TESTABILITY = YES;
				GCC_C_LANGUAGE_STANDARD = gnu11;
				GCC_DYNAMIC_NO_PIC = NO;
				GCC_NO_COMMON_BLOCKS = YES;
				GCC_OPTIMIZATION_LEVEL = 0;
				GCC_PREPROCESSOR_DEFINITIONS = (
					"DEBUG=1",
					"$(inherited)",
				);
				GCC_WARN_64_TO_32_BIT_CONVERSION = YES;
				GCC_WARN_ABOUT_RETURN_TYPE = YES_ERROR;
				GCC_WARN_UNDECLARED_SELECTOR = YES;
				GCC_WARN_UNINITIALIZED_AUTOS = YES_AGGRESSIVE;
				GCC_WARN_UNUSED_FUNCTION = YES;
				GCC_WARN_UNUSED_VARIABLE = YES;
				IPHONEOS_DEPLOYMENT_TARGET = 15.2;
				MTL_ENABLE_DEBUG_INFO = INCLUDE_SOURCE;
				MTL_FAST_MATH = YES;
				ONLY_ACTIVE_ARCH = YES;
				SDKROOT = iphoneos;
				SWIFT_ACTIVE_COMPILATION_CONDITIONS = DEBUG;
				SWIFT_OPTIMIZATION_LEVEL = "-Onone";
			};
			name = Debug;
		};
		3C5F134127A991FB0054A785 /* Release */ = {
			isa = XCBuildConfiguration;
			buildSettings = {
				ALWAYS_SEARCH_USER_PATHS = NO;
				CLANG_ANALYZER_NONNULL = YES;
				CLANG_ANALYZER_NUMBER_OBJECT_CONVERSION = YES_AGGRESSIVE;
				CLANG_CXX_LANGUAGE_STANDARD = "gnu++17";
				CLANG_CXX_LIBRARY = "libc++";
				CLANG_ENABLE_MODULES = YES;
				CLANG_ENABLE_OBJC_ARC = YES;
				CLANG_ENABLE_OBJC_WEAK = YES;
				CLANG_WARN_BLOCK_CAPTURE_AUTORELEASING = YES;
				CLANG_WARN_BOOL_CONVERSION = YES;
				CLANG_WARN_COMMA = YES;
				CLANG_WARN_CONSTANT_CONVERSION = YES;
				CLANG_WARN_DEPRECATED_OBJC_IMPLEMENTATIONS = YES;
				CLANG_WARN_DIRECT_OBJC_ISA_USAGE = YES_ERROR;
				CLANG_WARN_DOCUMENTATION_COMMENTS = YES;
				CLANG_WARN_EMPTY_BODY = YES;
				CLANG_WARN_ENUM_CONVERSION = YES;
				CLANG_WARN_INFINITE_RECURSION = YES;
				CLANG_WARN_INT_CONVERSION = YES;
				CLANG_WARN_NON_LITERAL_NULL_CONVERSION = YES;
				CLANG_WARN_OBJC_IMPLICIT_RETAIN_SELF = YES;
				CLANG_WARN_OBJC_LITERAL_CONVERSION = YES;
				CLANG_WARN_OBJC_ROOT_CLASS = YES_ERROR;
				CLANG_WARN_QUOTED_INCLUDE_IN_FRAMEWORK_HEADER = YES;
				CLANG_WARN_RANGE_LOOP_ANALYSIS = YES;
				CLANG_WARN_STRICT_PROTOTYPES = YES;
				CLANG_WARN_SUSPICIOUS_MOVE = YES;
				CLANG_WARN_UNGUARDED_AVAILABILITY = YES_AGGRESSIVE;
				CLANG_WARN_UNREACHABLE_CODE = YES;
				CLANG_WARN__DUPLICATE_METHOD_MATCH = YES;
				COPY_PHASE_STRIP = NO;
				DEBUG_INFORMATION_FORMAT = "dwarf-with-dsym";
				ENABLE_NS_ASSERTIONS = NO;
				ENABLE_STRICT_OBJC_MSGSEND = YES;
				GCC_C_LANGUAGE_STANDARD = gnu11;
				GCC_NO_COMMON_BLOCKS = YES;
				GCC_WARN_64_TO_32_BIT_CONVERSION = YES;
				GCC_WARN_ABOUT_RETURN_TYPE = YES_ERROR;
				GCC_WARN_UNDECLARED_SELECTOR = YES;
				GCC_WARN_UNINITIALIZED_AUTOS = YES_AGGRESSIVE;
				GCC_WARN_UNUSED_FUNCTION = YES;
				GCC_WARN_UNUSED_VARIABLE = YES;
				IPHONEOS_DEPLOYMENT_TARGET = 15.2;
				MTL_ENABLE_DEBUG_INFO = NO;
				MTL_FAST_MATH = YES;
				SDKROOT = iphoneos;
				SWIFT_COMPILATION_MODE = wholemodule;
				SWIFT_OPTIMIZATION_LEVEL = "-O";
				VALIDATE_PRODUCT = YES;
			};
			name = Release;
		};
		3C5F134327A991FB0054A785 /* Debug */ = {
			isa = XCBuildConfiguration;
			buildSettings = {
				ASSETCATALOG_COMPILER_APPICON_NAME = AppIcon;
				ASSETCATALOG_COMPILER_GLOBAL_ACCENT_COLOR_NAME = AccentColor;
				CODE_SIGN_STYLE = Automatic;
				CURRENT_PROJECT_VERSION = 1;
				DEVELOPMENT_TEAM = 7LYWWLCN92;
				GENERATE_INFOPLIST_FILE = YES;
				INFOPLIST_FILE = UIkitExample/Info.plist;
				INFOPLIST_KEY_UIApplicationSupportsIndirectInputEvents = YES;
				INFOPLIST_KEY_UILaunchStoryboardName = LaunchScreen;
				INFOPLIST_KEY_UIMainStoryboardFile = Profile;
				INFOPLIST_KEY_UISupportedInterfaceOrientations = UIInterfaceOrientationPortrait;
				INFOPLIST_KEY_UISupportedInterfaceOrientations_iPad = "UIInterfaceOrientationPortrait UIInterfaceOrientationPortraitUpsideDown UIInterfaceOrientationLandscapeLeft UIInterfaceOrientationLandscapeRight";
				INFOPLIST_KEY_UISupportedInterfaceOrientations_iPhone = "UIInterfaceOrientationPortrait UIInterfaceOrientationLandscapeLeft UIInterfaceOrientationLandscapeRight";
				IPHONEOS_DEPLOYMENT_TARGET = 15.2;
				LD_RUNPATH_SEARCH_PATHS = (
					"$(inherited)",
					"@executable_path/Frameworks",
				);
				MARKETING_VERSION = 1.0;
				PRODUCT_BUNDLE_IDENTIFIER = tsaidov.UIkitExample;
				PRODUCT_NAME = "$(TARGET_NAME)";
				SWIFT_EMIT_LOC_STRINGS = YES;
				SWIFT_VERSION = 5.0;
				TARGETED_DEVICE_FAMILY = "1,2";
			};
			name = Debug;
		};
		3C5F134427A991FB0054A785 /* Release */ = {
			isa = XCBuildConfiguration;
			buildSettings = {
				ASSETCATALOG_COMPILER_APPICON_NAME = AppIcon;
				ASSETCATALOG_COMPILER_GLOBAL_ACCENT_COLOR_NAME = AccentColor;
				CODE_SIGN_STYLE = Automatic;
				CURRENT_PROJECT_VERSION = 1;
				DEVELOPMENT_TEAM = 7LYWWLCN92;
				GENERATE_INFOPLIST_FILE = YES;
				INFOPLIST_FILE = UIkitExample/Info.plist;
				INFOPLIST_KEY_UIApplicationSupportsIndirectInputEvents = YES;
				INFOPLIST_KEY_UILaunchStoryboardName = LaunchScreen;
				INFOPLIST_KEY_UIMainStoryboardFile = Profile;
				INFOPLIST_KEY_UISupportedInterfaceOrientations = UIInterfaceOrientationPortrait;
				INFOPLIST_KEY_UISupportedInterfaceOrientations_iPad = "UIInterfaceOrientationPortrait UIInterfaceOrientationPortraitUpsideDown UIInterfaceOrientationLandscapeLeft UIInterfaceOrientationLandscapeRight";
				INFOPLIST_KEY_UISupportedInterfaceOrientations_iPhone = "UIInterfaceOrientationPortrait UIInterfaceOrientationLandscapeLeft UIInterfaceOrientationLandscapeRight";
				IPHONEOS_DEPLOYMENT_TARGET = 15.2;
				LD_RUNPATH_SEARCH_PATHS = (
					"$(inherited)",
					"@executable_path/Frameworks",
				);
				MARKETING_VERSION = 1.0;
				PRODUCT_BUNDLE_IDENTIFIER = tsaidov.UIkitExample;
				PRODUCT_NAME = "$(TARGET_NAME)";
				SWIFT_EMIT_LOC_STRINGS = YES;
				SWIFT_VERSION = 5.0;
				TARGETED_DEVICE_FAMILY = "1,2";
			};
			name = Release;
		};
/* End XCBuildConfiguration section */

/* Begin XCConfigurationList section */
		3C5F132927A991FA0054A785 /* Build configuration list for PBXProject "UIkitExample" */ = {
			isa = XCConfigurationList;
			buildConfigurations = (
				3C5F134027A991FB0054A785 /* Debug */,
				3C5F134127A991FB0054A785 /* Release */,
			);
			defaultConfigurationIsVisible = 0;
			defaultConfigurationName = Release;
		};
		3C5F134227A991FB0054A785 /* Build configuration list for PBXNativeTarget "UIkitExample" */ = {
			isa = XCConfigurationList;
			buildConfigurations = (
				3C5F134327A991FB0054A785 /* Debug */,
				3C5F134427A991FB0054A785 /* Release */,
			);
			defaultConfigurationIsVisible = 0;
			defaultConfigurationName = Release;
		};
/* End XCConfigurationList section */
	};
	rootObject = 3C5F132627A991FA0054A785 /* Project object */;
}
